
Microsoft Visual Studio Solution File, Format Version 12.00
# Visual Studio 15
VisualStudioVersion = 15.0.27703.2035
MinimumVisualStudioVersion = 10.0.40219.1
Project("{9A19103F-16F7-4668-BE54-9A1E7A4F7556}") = "TorahWayPodcast.AWSLambda", "TorahWayPodcast.AWSLambda\TorahWayPodcast.AWSLambda.csproj", "{B0F9CADC-C7D2-4BEE-9E31-DF3C95FFA9C0}"
EndProject
Project("{9A19103F-16F7-4668-BE54-9A1E7A4F7556}") = "TorahwayPodcast.BO2", "TorahwayPodcast.BO2\TorahwayPodcast.BO2.csproj", "{07047ACF-E211-4A9C-B7DE-A17621EA2EEC}"
EndProject
Project("{9A19103F-16F7-4668-BE54-9A1E7A4F7556}") = "TorahWayPodcast.BO2.Test", "TorahWayPodcast.BO2.Test\TorahWayPodcast.BO2.Test.csproj", "{CCD80410-97F7-4ADB-BF93-256500A4A0D3}"
EndProject
Project("{FAE04EC0-301F-11D3-BF4B-00C04F79EFBC}") = "TorahWayPodcast.AWSLambda.Test", "TorahWayPodcast.AWSLambda.Test\TorahWayPodcast.AWSLambda.Test.csproj", "{10B41348-2730-47BB-AB3D-7593C605E083}"
EndProject
Global
	GlobalSection(SolutionConfigurationPlatforms) = preSolution
		Debug|Any CPU = Debug|Any CPU
		Release|Any CPU = Release|Any CPU
	EndGlobalSection
	GlobalSection(ProjectConfigurationPlatforms) = postSolution
		{B0F9CADC-C7D2-4BEE-9E31-DF3C95FFA9C0}.Debug|Any CPU.ActiveCfg = Debug|Any CPU
		{B0F9CADC-C7D2-4BEE-9E31-DF3C95FFA9C0}.Debug|Any CPU.Build.0 = Debug|Any CPU
		{B0F9CADC-C7D2-4BEE-9E31-DF3C95FFA9C0}.Release|Any CPU.ActiveCfg = Release|Any CPU
		{B0F9CADC-C7D2-4BEE-9E31-DF3C95FFA9C0}.Release|Any CPU.Build.0 = Release|Any CPU
		{07047ACF-E211-4A9C-B7DE-A17621EA2EEC}.Debug|Any CPU.ActiveCfg = Debug|Any CPU
		{07047ACF-E211-4A9C-B7DE-A17621EA2EEC}.Debug|Any CPU.Build.0 = Debug|Any CPU
		{07047ACF-E211-4A9C-B7DE-A17621EA2EEC}.Release|Any CPU.ActiveCfg = Release|Any CPU
		{07047ACF-E211-4A9C-B7DE-A17621EA2EEC}.Release|Any CPU.Build.0 = Release|Any CPU
		{CCD80410-97F7-4ADB-BF93-256500A4A0D3}.Debug|Any CPU.ActiveCfg = Debug|Any CPU
		{CCD80410-97F7-4ADB-BF93-256500A4A0D3}.Debug|Any CPU.Build.0 = Debug|Any CPU
		{CCD80410-97F7-4ADB-BF93-256500A4A0D3}.Release|Any CPU.ActiveCfg = Release|Any CPU
		{CCD80410-97F7-4ADB-BF93-256500A4A0D3}.Release|Any CPU.Build.0 = Release|Any CPU
		{10B41348-2730-47BB-AB3D-7593C605E083}.Debug|Any CPU.ActiveCfg = Debug|Any CPU
		{10B41348-2730-47BB-AB3D-7593C605E083}.Debug|Any CPU.Build.0 = Debug|Any CPU
		{10B41348-2730-47BB-AB3D-7593C605E083}.Release|Any CPU.ActiveCfg = Release|Any CPU
		{10B41348-2730-47BB-AB3D-7593C605E083}.Release|Any CPU.Build.0 = Release|Any CPU
	EndGlobalSection
	GlobalSection(SolutionProperties) = preSolution
		HideSolutionNode = FALSE
	EndGlobalSection
	GlobalSection(ExtensibilityGlobals) = postSolution
		SolutionGuid = {B1BD7E07-40DE-401E-9DE3-9EFBF98915A7}
	EndGlobalSection
EndGlobal
