
Microsoft Visual Studio Solution File, Format Version 12.00
# Visual Studio 15
VisualStudioVersion = 15.0.27703.2035
MinimumVisualStudioVersion = 10.0.40219.1
Project("{FAE04EC0-301F-11D3-BF4B-00C04F79EFBC}") = "TorahWayPodcast", "TorahWayPodcast\TorahWayPodcast.csproj", "{BBA9AFAA-ACA7-4043-BEDE-860887E7CC32}"
EndProject
Project("{FAE04EC0-301F-11D3-BF4B-00C04F79EFBC}") = "TorahWayPodcast.Tests", "TorahWayPodcast.Tests\TorahWayPodcast.Tests.csproj", "{7DA4D930-3E42-45BF-8777-DB8BF88943D9}"
EndProject
Project("{9A19103F-16F7-4668-BE54-9A1E7A4F7556}") = "TorahWayPodcast.AWSLambda", "TorahWayPodcast.AWSLambda\TorahWayPodcast.AWSLambda.csproj", "{B0F9CADC-C7D2-4BEE-9E31-DF3C95FFA9C0}"
EndProject
Project("{9A19103F-16F7-4668-BE54-9A1E7A4F7556}") = "TorahwayPodcast.BO2", "TorahwayPodcast.BO2\TorahwayPodcast.BO2.csproj", "{07047ACF-E211-4A9C-B7DE-A17621EA2EEC}"
EndProject
Global
	GlobalSection(SolutionConfigurationPlatforms) = preSolution
		Debug|Any CPU = Debug|Any CPU
		Release|Any CPU = Release|Any CPU
	EndGlobalSection
	GlobalSection(ProjectConfigurationPlatforms) = postSolution
		{BBA9AFAA-ACA7-4043-BEDE-860887E7CC32}.Debug|Any CPU.ActiveCfg = Debug|Any CPU
		{BBA9AFAA-ACA7-4043-BEDE-860887E7CC32}.Debug|Any CPU.Build.0 = Debug|Any CPU
		{BBA9AFAA-ACA7-4043-BEDE-860887E7CC32}.Release|Any CPU.ActiveCfg = Release|Any CPU
		{BBA9AFAA-ACA7-4043-BEDE-860887E7CC32}.Release|Any CPU.Build.0 = Release|Any CPU
		{7DA4D930-3E42-45BF-8777-DB8BF88943D9}.Debug|Any CPU.ActiveCfg = Debug|Any CPU
		{7DA4D930-3E42-45BF-8777-DB8BF88943D9}.Debug|Any CPU.Build.0 = Debug|Any CPU
		{7DA4D930-3E42-45BF-8777-DB8BF88943D9}.Release|Any CPU.ActiveCfg = Release|Any CPU
		{7DA4D930-3E42-45BF-8777-DB8BF88943D9}.Release|Any CPU.Build.0 = Release|Any CPU
		{B0F9CADC-C7D2-4BEE-9E31-DF3C95FFA9C0}.Debug|Any CPU.ActiveCfg = Debug|Any CPU
		{B0F9CADC-C7D2-4BEE-9E31-DF3C95FFA9C0}.Debug|Any CPU.Build.0 = Debug|Any CPU
		{B0F9CADC-C7D2-4BEE-9E31-DF3C95FFA9C0}.Release|Any CPU.ActiveCfg = Release|Any CPU
		{B0F9CADC-C7D2-4BEE-9E31-DF3C95FFA9C0}.Release|Any CPU.Build.0 = Release|Any CPU
		{07047ACF-E211-4A9C-B7DE-A17621EA2EEC}.Debug|Any CPU.ActiveCfg = Debug|Any CPU
		{07047ACF-E211-4A9C-B7DE-A17621EA2EEC}.Debug|Any CPU.Build.0 = Debug|Any CPU
		{07047ACF-E211-4A9C-B7DE-A17621EA2EEC}.Release|Any CPU.ActiveCfg = Release|Any CPU
		{07047ACF-E211-4A9C-B7DE-A17621EA2EEC}.Release|Any CPU.Build.0 = Release|Any CPU
	EndGlobalSection
	GlobalSection(SolutionProperties) = preSolution
		HideSolutionNode = FALSE
	EndGlobalSection
	GlobalSection(ExtensibilityGlobals) = postSolution
		SolutionGuid = {B1BD7E07-40DE-401E-9DE3-9EFBF98915A7}
	EndGlobalSection
EndGlobal
